// !$*UTF8*$!
{
	archiveVersion = 1;
	classes = {
	};
	objectVersion = 46;
	objects = {

/* Begin PBXBuildFile section */
		0A6641271EDEB1C400C69818 /* main.m in Sources */ = {isa = PBXBuildFile; fileRef = 0A6641261EDEB1C400C69818 /* main.m */; };
		0A66412A1EDEB1C400C69818 /* AppDelegate.m in Sources */ = {isa = PBXBuildFile; fileRef = 0A6641291EDEB1C400C69818 /* AppDelegate.m */; };
		0A66412D1EDEB1C400C69818 /* ViewController.m in Sources */ = {isa = PBXBuildFile; fileRef = 0A66412C1EDEB1C400C69818 /* ViewController.m */; };
		0A6641301EDEB1C400C69818 /* Main.storyboard in Resources */ = {isa = PBXBuildFile; fileRef = 0A66412E1EDEB1C400C69818 /* Main.storyboard */; };
		0A6641321EDEB1C400C69818 /* Assets.xcassets in Resources */ = {isa = PBXBuildFile; fileRef = 0A6641311EDEB1C400C69818 /* Assets.xcassets */; };
		0A6641351EDEB1C400C69818 /* LaunchScreen.storyboard in Resources */ = {isa = PBXBuildFile; fileRef = 0A6641331EDEB1C400C69818 /* LaunchScreen.storyboard */; };
		0A66416B1EDEB1D000C69818 /* KKKeepLastFrameImageView.m in Sources */ = {isa = PBXBuildFile; fileRef = 0A66413D1EDEB1D000C69818 /* KKKeepLastFrameImageView.m */; };
		0A66416C1EDEB1D000C69818 /* gift_effect_text2_0@2x.png in Resources */ = {isa = PBXBuildFile; fileRef = 0A66413F1EDEB1D000C69818 /* gift_effect_text2_0@2x.png */; };
		0A66416D1EDEB1D000C69818 /* gift_effect_text2_10@2x.png in Resources */ = {isa = PBXBuildFile; fileRef = 0A6641401EDEB1D000C69818 /* gift_effect_text2_10@2x.png */; };
		0A66416E1EDEB1D000C69818 /* gift_effect_text2_11@2x.png in Resources */ = {isa = PBXBuildFile; fileRef = 0A6641411EDEB1D000C69818 /* gift_effect_text2_11@2x.png */; };
		0A66416F1EDEB1D000C69818 /* gift_effect_text2_12@2x.png in Resources */ = {isa = PBXBuildFile; fileRef = 0A6641421EDEB1D000C69818 /* gift_effect_text2_12@2x.png */; };
		0A6641701EDEB1D000C69818 /* gift_effect_text2_13@2x.png in Resources */ = {isa = PBXBuildFile; fileRef = 0A6641431EDEB1D000C69818 /* gift_effect_text2_13@2x.png */; };
		0A6641711EDEB1D000C69818 /* gift_effect_text2_14@2x.png in Resources */ = {isa = PBXBuildFile; fileRef = 0A6641441EDEB1D000C69818 /* gift_effect_text2_14@2x.png */; };
		0A6641721EDEB1D000C69818 /* gift_effect_text2_15@2x.png in Resources */ = {isa = PBXBuildFile; fileRef = 0A6641451EDEB1D000C69818 /* gift_effect_text2_15@2x.png */; };
		0A6641731EDEB1D000C69818 /* gift_effect_text2_16@2x.png in Resources */ = {isa = PBXBuildFile; fileRef = 0A6641461EDEB1D000C69818 /* gift_effect_text2_16@2x.png */; };
		0A6641741EDEB1D000C69818 /* gift_effect_text2_17@2x.png in Resources */ = {isa = PBXBuildFile; fileRef = 0A6641471EDEB1D000C69818 /* gift_effect_text2_17@2x.png */; };
		0A6641751EDEB1D000C69818 /* gift_effect_text2_18@2x.png in Resources */ = {isa = PBXBuildFile; fileRef = 0A6641481EDEB1D000C69818 /* gift_effect_text2_18@2x.png */; };
		0A6641761EDEB1D000C69818 /* gift_effect_text2_19@2x.png in Resources */ = {isa = PBXBuildFile; fileRef = 0A6641491EDEB1D000C69818 /* gift_effect_text2_19@2x.png */; };
		0A6641771EDEB1D000C69818 /* gift_effect_text2_1@2x.png in Resources */ = {isa = PBXBuildFile; fileRef = 0A66414A1EDEB1D000C69818 /* gift_effect_text2_1@2x.png */; };
		0A6641781EDEB1D000C69818 /* gift_effect_text2_20@2x.png in Resources */ = {isa = PBXBuildFile; fileRef = 0A66414B1EDEB1D000C69818 /* gift_effect_text2_20@2x.png */; };
		0A6641791EDEB1D000C69818 /* gift_effect_text2_21@2x.png in Resources */ = {isa = PBXBuildFile; fileRef = 0A66414C1EDEB1D000C69818 /* gift_effect_text2_21@2x.png */; };
		0A66417A1EDEB1D000C69818 /* gift_effect_text2_22@2x.png in Resources */ = {isa = PBXBuildFile; fileRef = 0A66414D1EDEB1D000C69818 /* gift_effect_text2_22@2x.png */; };
		0A66417B1EDEB1D000C69818 /* gift_effect_text2_23@2x.png in Resources */ = {isa = PBXBuildFile; fileRef = 0A66414E1EDEB1D000C69818 /* gift_effect_text2_23@2x.png */; };
		0A66417C1EDEB1D000C69818 /* gift_effect_text2_24@2x.png in Resources */ = {isa = PBXBuildFile; fileRef = 0A66414F1EDEB1D000C69818 /* gift_effect_text2_24@2x.png */; };
		0A66417D1EDEB1D000C69818 /* gift_effect_text2_25@2x.png in Resources */ = {isa = PBXBuildFile; fileRef = 0A6641501EDEB1D000C69818 /* gift_effect_text2_25@2x.png */; };
		0A66417E1EDEB1D000C69818 /* gift_effect_text2_26@2x.png in Resources */ = {isa = PBXBuildFile; fileRef = 0A6641511EDEB1D000C69818 /* gift_effect_text2_26@2x.png */; };
		0A66417F1EDEB1D000C69818 /* gift_effect_text2_27@2x.png in Resources */ = {isa = PBXBuildFile; fileRef = 0A6641521EDEB1D000C69818 /* gift_effect_text2_27@2x.png */; };
		0A6641801EDEB1D000C69818 /* gift_effect_text2_28@2x.png in Resources */ = {isa = PBXBuildFile; fileRef = 0A6641531EDEB1D000C69818 /* gift_effect_text2_28@2x.png */; };
		0A6641811EDEB1D000C69818 /* gift_effect_text2_29@2x.png in Resources */ = {isa = PBXBuildFile; fileRef = 0A6641541EDEB1D000C69818 /* gift_effect_text2_29@2x.png */; };
		0A6641821EDEB1D000C69818 /* gift_effect_text2_2@2x.png in Resources */ = {isa = PBXBuildFile; fileRef = 0A6641551EDEB1D000C69818 /* gift_effect_text2_2@2x.png */; };
		0A6641831EDEB1D000C69818 /* gift_effect_text2_30@2x.png in Resources */ = {isa = PBXBuildFile; fileRef = 0A6641561EDEB1D000C69818 /* gift_effect_text2_30@2x.png */; };
		0A6641841EDEB1D000C69818 /* gift_effect_text2_31@2x.png in Resources */ = {isa = PBXBuildFile; fileRef = 0A6641571EDEB1D000C69818 /* gift_effect_text2_31@2x.png */; };
		0A6641851EDEB1D000C69818 /* gift_effect_text2_32@2x.png in Resources */ = {isa = PBXBuildFile; fileRef = 0A6641581EDEB1D000C69818 /* gift_effect_text2_32@2x.png */; };
		0A6641861EDEB1D000C69818 /* gift_effect_text2_33@2x.png in Resources */ = {isa = PBXBuildFile; fileRef = 0A6641591EDEB1D000C69818 /* gift_effect_text2_33@2x.png */; };
		0A6641871EDEB1D000C69818 /* gift_effect_text2_34@2x.png in Resources */ = {isa = PBXBuildFile; fileRef = 0A66415A1EDEB1D000C69818 /* gift_effect_text2_34@2x.png */; };
		0A6641881EDEB1D000C69818 /* gift_effect_text2_35@2x.png in Resources */ = {isa = PBXBuildFile; fileRef = 0A66415B1EDEB1D000C69818 /* gift_effect_text2_35@2x.png */; };
		0A6641891EDEB1D000C69818 /* gift_effect_text2_36@2x.png in Resources */ = {isa = PBXBuildFile; fileRef = 0A66415C1EDEB1D000C69818 /* gift_effect_text2_36@2x.png */; };
		0A66418A1EDEB1D000C69818 /* gift_effect_text2_37@2x.png in Resources */ = {isa = PBXBuildFile; fileRef = 0A66415D1EDEB1D000C69818 /* gift_effect_text2_37@2x.png */; };
		0A66418B1EDEB1D000C69818 /* gift_effect_text2_38@2x.png in Resources */ = {isa = PBXBuildFile; fileRef = 0A66415E1EDEB1D000C69818 /* gift_effect_text2_38@2x.png */; };
		0A66418C1EDEB1D000C69818 /* gift_effect_text2_39@2x.png in Resources */ = {isa = PBXBuildFile; fileRef = 0A66415F1EDEB1D000C69818 /* gift_effect_text2_39@2x.png */; };
		0A66418D1EDEB1D000C69818 /* gift_effect_text2_3@2x.png in Resources */ = {isa = PBXBuildFile; fileRef = 0A6641601EDEB1D000C69818 /* gift_effect_text2_3@2x.png */; };
		0A66418E1EDEB1D000C69818 /* gift_effect_text2_40@2x.png in Resources */ = {isa = PBXBuildFile; fileRef = 0A6641611EDEB1D000C69818 /* gift_effect_text2_40@2x.png */; };
		0A66418F1EDEB1D000C69818 /* gift_effect_text2_41@2x.png in Resources */ = {isa = PBXBuildFile; fileRef = 0A6641621EDEB1D000C69818 /* gift_effect_text2_41@2x.png */; };
		0A6641901EDEB1D000C69818 /* gift_effect_text2_42@2x.png in Resources */ = {isa = PBXBuildFile; fileRef = 0A6641631EDEB1D000C69818 /* gift_effect_text2_42@2x.png */; };
		0A6641911EDEB1D000C69818 /* gift_effect_text2_43@2x.png in Resources */ = {isa = PBXBuildFile; fileRef = 0A6641641EDEB1D000C69818 /* gift_effect_text2_43@2x.png */; };
		0A6641921EDEB1D000C69818 /* gift_effect_text2_4@2x.png in Resources */ = {isa = PBXBuildFile; fileRef = 0A6641651EDEB1D000C69818 /* gift_effect_text2_4@2x.png */; };
		0A6641931EDEB1D000C69818 /* gift_effect_text2_5@2x.png in Resources */ = {isa = PBXBuildFile; fileRef = 0A6641661EDEB1D000C69818 /* gift_effect_text2_5@2x.png */; };
		0A6641941EDEB1D000C69818 /* gift_effect_text2_6@2x.png in Resources */ = {isa = PBXBuildFile; fileRef = 0A6641671EDEB1D000C69818 /* gift_effect_text2_6@2x.png */; };
		0A6641951EDEB1D000C69818 /* gift_effect_text2_7@2x.png in Resources */ = {isa = PBXBuildFile; fileRef = 0A6641681EDEB1D000C69818 /* gift_effect_text2_7@2x.png */; };
		0A6641961EDEB1D000C69818 /* gift_effect_text2_8@2x.png in Resources */ = {isa = PBXBuildFile; fileRef = 0A6641691EDEB1D000C69818 /* gift_effect_text2_8@2x.png */; };
		0A6641971EDEB1D000C69818 /* gift_effect_text2_9@2x.png in Resources */ = {isa = PBXBuildFile; fileRef = 0A66416A1EDEB1D000C69818 /* gift_effect_text2_9@2x.png */; };
/* End PBXBuildFile section */

/* Begin PBXFileReference section */
		0A6641221EDEB1C400C69818 /* KKKeepLastFrameImageView.app */ = {isa = PBXFileReference; explicitFileType = wrapper.application; includeInIndex = 0; path = KKKeepLastFrameImageView.app; sourceTree = BUILT_PRODUCTS_DIR; };
		0A6641261EDEB1C400C69818 /* main.m */ = {isa = PBXFileReference; lastKnownFileType = sourcecode.c.objc; path = main.m; sourceTree = "<group>"; };
		0A6641281EDEB1C400C69818 /* AppDelegate.h */ = {isa = PBXFileReference; lastKnownFileType = sourcecode.c.h; path = AppDelegate.h; sourceTree = "<group>"; };
		0A6641291EDEB1C400C69818 /* AppDelegate.m */ = {isa = PBXFileReference; lastKnownFileType = sourcecode.c.objc; path = AppDelegate.m; sourceTree = "<group>"; };
		0A66412B1EDEB1C400C69818 /* ViewController.h */ = {isa = PBXFileReference; lastKnownFileType = sourcecode.c.h; path = ViewController.h; sourceTree = "<group>"; };
		0A66412C1EDEB1C400C69818 /* ViewController.m */ = {isa = PBXFileReference; lastKnownFileType = sourcecode.c.objc; path = ViewController.m; sourceTree = "<group>"; };
		0A66412F1EDEB1C400C69818 /* Base */ = {isa = PBXFileReference; lastKnownFileType = file.storyboard; name = Base; path = Base.lproj/Main.storyboard; sourceTree = "<group>"; };
		0A6641311EDEB1C400C69818 /* Assets.xcassets */ = {isa = PBXFileReference; lastKnownFileType = folder.assetcatalog; path = Assets.xcassets; sourceTree = "<group>"; };
		0A6641341EDEB1C400C69818 /* Base */ = {isa = PBXFileReference; lastKnownFileType = file.storyboard; name = Base; path = Base.lproj/LaunchScreen.storyboard; sourceTree = "<group>"; };
		0A6641361EDEB1C400C69818 /* Info.plist */ = {isa = PBXFileReference; lastKnownFileType = text.plist.xml; path = Info.plist; sourceTree = "<group>"; };
		0A66413C1EDEB1D000C69818 /* KKKeepLastFrameImageView.h */ = {isa = PBXFileReference; fileEncoding = 4; lastKnownFileType = sourcecode.c.h; path = KKKeepLastFrameImageView.h; sourceTree = "<group>"; };
		0A66413D1EDEB1D000C69818 /* KKKeepLastFrameImageView.m */ = {isa = PBXFileReference; fileEncoding = 4; lastKnownFileType = sourcecode.c.objc; path = KKKeepLastFrameImageView.m; sourceTree = "<group>"; };
		0A66413F1EDEB1D000C69818 /* gift_effect_text2_0@2x.png */ = {isa = PBXFileReference; lastKnownFileType = image.png; path = "gift_effect_text2_0@2x.png"; sourceTree = "<group>"; };
		0A6641401EDEB1D000C69818 /* gift_effect_text2_10@2x.png */ = {isa = PBXFileReference; lastKnownFileType = image.png; path = "gift_effect_text2_10@2x.png"; sourceTree = "<group>"; };
		0A6641411EDEB1D000C69818 /* gift_effect_text2_11@2x.png */ = {isa = PBXFileReference; lastKnownFileType = image.png; path = "gift_effect_text2_11@2x.png"; sourceTree = "<group>"; };
		0A6641421EDEB1D000C69818 /* gift_effect_text2_12@2x.png */ = {isa = PBXFileReference; lastKnownFileType = image.png; path = "gift_effect_text2_12@2x.png"; sourceTree = "<group>"; };
		0A6641431EDEB1D000C69818 /* gift_effect_text2_13@2x.png */ = {isa = PBXFileReference; lastKnownFileType = image.png; path = "gift_effect_text2_13@2x.png"; sourceTree = "<group>"; };
		0A6641441EDEB1D000C69818 /* gift_effect_text2_14@2x.png */ = {isa = PBXFileReference; lastKnownFileType = image.png; path = "gift_effect_text2_14@2x.png"; sourceTree = "<group>"; };
		0A6641451EDEB1D000C69818 /* gift_effect_text2_15@2x.png */ = {isa = PBXFileReference; lastKnownFileType = image.png; path = "gift_effect_text2_15@2x.png"; sourceTree = "<group>"; };
		0A6641461EDEB1D000C69818 /* gift_effect_text2_16@2x.png */ = {isa = PBXFileReference; lastKnownFileType = image.png; path = "gift_effect_text2_16@2x.png"; sourceTree = "<group>"; };
		0A6641471EDEB1D000C69818 /* gift_effect_text2_17@2x.png */ = {isa = PBXFileReference; lastKnownFileType = image.png; path = "gift_effect_text2_17@2x.png"; sourceTree = "<group>"; };
		0A6641481EDEB1D000C69818 /* gift_effect_text2_18@2x.png */ = {isa = PBXFileReference; lastKnownFileType = image.png; path = "gift_effect_text2_18@2x.png"; sourceTree = "<group>"; };
		0A6641491EDEB1D000C69818 /* gift_effect_text2_19@2x.png */ = {isa = PBXFileReference; lastKnownFileType = image.png; path = "gift_effect_text2_19@2x.png"; sourceTree = "<group>"; };
		0A66414A1EDEB1D000C69818 /* gift_effect_text2_1@2x.png */ = {isa = PBXFileReference; lastKnownFileType = image.png; path = "gift_effect_text2_1@2x.png"; sourceTree = "<group>"; };
		0A66414B1EDEB1D000C69818 /* gift_effect_text2_20@2x.png */ = {isa = PBXFileReference; lastKnownFileType = image.png; path = "gift_effect_text2_20@2x.png"; sourceTree = "<group>"; };
		0A66414C1EDEB1D000C69818 /* gift_effect_text2_21@2x.png */ = {isa = PBXFileReference; lastKnownFileType = image.png; path = "gift_effect_text2_21@2x.png"; sourceTree = "<group>"; };
		0A66414D1EDEB1D000C69818 /* gift_effect_text2_22@2x.png */ = {isa = PBXFileReference; lastKnownFileType = image.png; path = "gift_effect_text2_22@2x.png"; sourceTree = "<group>"; };
		0A66414E1EDEB1D000C69818 /* gift_effect_text2_23@2x.png */ = {isa = PBXFileReference; lastKnownFileType = image.png; path = "gift_effect_text2_23@2x.png"; sourceTree = "<group>"; };
		0A66414F1EDEB1D000C69818 /* gift_effect_text2_24@2x.png */ = {isa = PBXFileReference; lastKnownFileType = image.png; path = "gift_effect_text2_24@2x.png"; sourceTree = "<group>"; };
		0A6641501EDEB1D000C69818 /* gift_effect_text2_25@2x.png */ = {isa = PBXFileReference; lastKnownFileType = image.png; path = "gift_effect_text2_25@2x.png"; sourceTree = "<group>"; };
		0A6641511EDEB1D000C69818 /* gift_effect_text2_26@2x.png */ = {isa = PBXFileReference; lastKnownFileType = image.png; path = "gift_effect_text2_26@2x.png"; sourceTree = "<group>"; };
		0A6641521EDEB1D000C69818 /* gift_effect_text2_27@2x.png */ = {isa = PBXFileReference; lastKnownFileType = image.png; path = "gift_effect_text2_27@2x.png"; sourceTree = "<group>"; };
		0A6641531EDEB1D000C69818 /* gift_effect_text2_28@2x.png */ = {isa = PBXFileReference; lastKnownFileType = image.png; path = "gift_effect_text2_28@2x.png"; sourceTree = "<group>"; };
		0A6641541EDEB1D000C69818 /* gift_effect_text2_29@2x.png */ = {isa = PBXFileReference; lastKnownFileType = image.png; path = "gift_effect_text2_29@2x.png"; sourceTree = "<group>"; };
		0A6641551EDEB1D000C69818 /* gift_effect_text2_2@2x.png */ = {isa = PBXFileReference; lastKnownFileType = image.png; path = "gift_effect_text2_2@2x.png"; sourceTree = "<group>"; };
		0A6641561EDEB1D000C69818 /* gift_effect_text2_30@2x.png */ = {isa = PBXFileReference; lastKnownFileType = image.png; path = "gift_effect_text2_30@2x.png"; sourceTree = "<group>"; };
		0A6641571EDEB1D000C69818 /* gift_effect_text2_31@2x.png */ = {isa = PBXFileReference; lastKnownFileType = image.png; path = "gift_effect_text2_31@2x.png"; sourceTree = "<group>"; };
		0A6641581EDEB1D000C69818 /* gift_effect_text2_32@2x.png */ = {isa = PBXFileReference; lastKnownFileType = image.png; path = "gift_effect_text2_32@2x.png"; sourceTree = "<group>"; };
		0A6641591EDEB1D000C69818 /* gift_effect_text2_33@2x.png */ = {isa = PBXFileReference; lastKnownFileType = image.png; path = "gift_effect_text2_33@2x.png"; sourceTree = "<group>"; };
		0A66415A1EDEB1D000C69818 /* gift_effect_text2_34@2x.png */ = {isa = PBXFileReference; lastKnownFileType = image.png; path = "gift_effect_text2_34@2x.png"; sourceTree = "<group>"; };
		0A66415B1EDEB1D000C69818 /* gift_effect_text2_35@2x.png */ = {isa = PBXFileReference; lastKnownFileType = image.png; path = "gift_effect_text2_35@2x.png"; sourceTree = "<group>"; };
		0A66415C1EDEB1D000C69818 /* gift_effect_text2_36@2x.png */ = {isa = PBXFileReference; lastKnownFileType = image.png; path = "gift_effect_text2_36@2x.png"; sourceTree = "<group>"; };
		0A66415D1EDEB1D000C69818 /* gift_effect_text2_37@2x.png */ = {isa = PBXFileReference; lastKnownFileType = image.png; path = "gift_effect_text2_37@2x.png"; sourceTree = "<group>"; };
		0A66415E1EDEB1D000C69818 /* gift_effect_text2_38@2x.png */ = {isa = PBXFileReference; lastKnownFileType = image.png; path = "gift_effect_text2_38@2x.png"; sourceTree = "<group>"; };
		0A66415F1EDEB1D000C69818 /* gift_effect_text2_39@2x.png */ = {isa = PBXFileReference; lastKnownFileType = image.png; path = "gift_effect_text2_39@2x.png"; sourceTree = "<group>"; };
		0A6641601EDEB1D000C69818 /* gift_effect_text2_3@2x.png */ = {isa = PBXFileReference; lastKnownFileType = image.png; path = "gift_effect_text2_3@2x.png"; sourceTree = "<group>"; };
		0A6641611EDEB1D000C69818 /* gift_effect_text2_40@2x.png */ = {isa = PBXFileReference; lastKnownFileType = image.png; path = "gift_effect_text2_40@2x.png"; sourceTree = "<group>"; };
		0A6641621EDEB1D000C69818 /* gift_effect_text2_41@2x.png */ = {isa = PBXFileReference; lastKnownFileType = image.png; path = "gift_effect_text2_41@2x.png"; sourceTree = "<group>"; };
		0A6641631EDEB1D000C69818 /* gift_effect_text2_42@2x.png */ = {isa = PBXFileReference; lastKnownFileType = image.png; path = "gift_effect_text2_42@2x.png"; sourceTree = "<group>"; };
		0A6641641EDEB1D000C69818 /* gift_effect_text2_43@2x.png */ = {isa = PBXFileReference; lastKnownFileType = image.png; path = "gift_effect_text2_43@2x.png"; sourceTree = "<group>"; };
		0A6641651EDEB1D000C69818 /* gift_effect_text2_4@2x.png */ = {isa = PBXFileReference; lastKnownFileType = image.png; path = "gift_effect_text2_4@2x.png"; sourceTree = "<group>"; };
		0A6641661EDEB1D000C69818 /* gift_effect_text2_5@2x.png */ = {isa = PBXFileReference; lastKnownFileType = image.png; path = "gift_effect_text2_5@2x.png"; sourceTree = "<group>"; };
		0A6641671EDEB1D000C69818 /* gift_effect_text2_6@2x.png */ = {isa = PBXFileReference; lastKnownFileType = image.png; path = "gift_effect_text2_6@2x.png"; sourceTree = "<group>"; };
		0A6641681EDEB1D000C69818 /* gift_effect_text2_7@2x.png */ = {isa = PBXFileReference; lastKnownFileType = image.png; path = "gift_effect_text2_7@2x.png"; sourceTree = "<group>"; };
		0A6641691EDEB1D000C69818 /* gift_effect_text2_8@2x.png */ = {isa = PBXFileReference; lastKnownFileType = image.png; path = "gift_effect_text2_8@2x.png"; sourceTree = "<group>"; };
		0A66416A1EDEB1D000C69818 /* gift_effect_text2_9@2x.png */ = {isa = PBXFileReference; lastKnownFileType = image.png; path = "gift_effect_text2_9@2x.png"; sourceTree = "<group>"; };
/* End PBXFileReference section */

/* Begin PBXFrameworksBuildPhase section */
		0A66411F1EDEB1C400C69818 /* Frameworks */ = {
			isa = PBXFrameworksBuildPhase;
			buildActionMask = 2147483647;
			files = (
			);
			runOnlyForDeploymentPostprocessing = 0;
		};
/* End PBXFrameworksBuildPhase section */

/* Begin PBXGroup section */
		0A6641191EDEB1C400C69818 = {
			isa = PBXGroup;
			children = (
				0A6641241EDEB1C400C69818 /* KKKeepLastFrameImageView */,
				0A6641231EDEB1C400C69818 /* Products */,
			);
			sourceTree = "<group>";
		};
		0A6641231EDEB1C400C69818 /* Products */ = {
			isa = PBXGroup;
			children = (
				0A6641221EDEB1C400C69818 /* KKKeepLastFrameImageView.app */,
			);
			name = Products;
			sourceTree = "<group>";
		};
		0A6641241EDEB1C400C69818 /* KKKeepLastFrameImageView */ = {
			isa = PBXGroup;
			children = (
				0A6641281EDEB1C400C69818 /* AppDelegate.h */,
				0A6641291EDEB1C400C69818 /* AppDelegate.m */,
				0A66412B1EDEB1C400C69818 /* ViewController.h */,
				0A66412C1EDEB1C400C69818 /* ViewController.m */,
				0A66413C1EDEB1D000C69818 /* KKKeepLastFrameImageView.h */,
				0A66413D1EDEB1D000C69818 /* KKKeepLastFrameImageView.m */,
				0A66413E1EDEB1D000C69818 /* test_full */,
				0A66412E1EDEB1C400C69818 /* Main.storyboard */,
				0A6641311EDEB1C400C69818 /* Assets.xcassets */,
				0A6641331EDEB1C400C69818 /* LaunchScreen.storyboard */,
				0A6641361EDEB1C400C69818 /* Info.plist */,
				0A6641251EDEB1C400C69818 /* Supporting Files */,
			);
			path = KKKeepLastFrameImageView;
			sourceTree = "<group>";
		};
		0A6641251EDEB1C400C69818 /* Supporting Files */ = {
			isa = PBXGroup;
			children = (
				0A6641261EDEB1C400C69818 /* main.m */,
			);
			name = "Supporting Files";
			sourceTree = "<group>";
		};
		0A66413E1EDEB1D000C69818 /* test_full */ = {
			isa = PBXGroup;
			children = (
				0A66413F1EDEB1D000C69818 /* gift_effect_text2_0@2x.png */,
				0A6641401EDEB1D000C69818 /* gift_effect_text2_10@2x.png */,
				0A6641411EDEB1D000C69818 /* gift_effect_text2_11@2x.png */,
				0A6641421EDEB1D000C69818 /* gift_effect_text2_12@2x.png */,
				0A6641431EDEB1D000C69818 /* gift_effect_text2_13@2x.png */,
				0A6641441EDEB1D000C69818 /* gift_effect_text2_14@2x.png */,
				0A6641451EDEB1D000C69818 /* gift_effect_text2_15@2x.png */,
				0A6641461EDEB1D000C69818 /* gift_effect_text2_16@2x.png */,
				0A6641471EDEB1D000C69818 /* gift_effect_text2_17@2x.png */,
				0A6641481EDEB1D000C69818 /* gift_effect_text2_18@2x.png */,
				0A6641491EDEB1D000C69818 /* gift_effect_text2_19@2x.png */,
				0A66414A1EDEB1D000C69818 /* gift_effect_text2_1@2x.png */,
				0A66414B1EDEB1D000C69818 /* gift_effect_text2_20@2x.png */,
				0A66414C1EDEB1D000C69818 /* gift_effect_text2_21@2x.png */,
				0A66414D1EDEB1D000C69818 /* gift_effect_text2_22@2x.png */,
				0A66414E1EDEB1D000C69818 /* gift_effect_text2_23@2x.png */,
				0A66414F1EDEB1D000C69818 /* gift_effect_text2_24@2x.png */,
				0A6641501EDEB1D000C69818 /* gift_effect_text2_25@2x.png */,
				0A6641511EDEB1D000C69818 /* gift_effect_text2_26@2x.png */,
				0A6641521EDEB1D000C69818 /* gift_effect_text2_27@2x.png */,
				0A6641531EDEB1D000C69818 /* gift_effect_text2_28@2x.png */,
				0A6641541EDEB1D000C69818 /* gift_effect_text2_29@2x.png */,
				0A6641551EDEB1D000C69818 /* gift_effect_text2_2@2x.png */,
				0A6641561EDEB1D000C69818 /* gift_effect_text2_30@2x.png */,
				0A6641571EDEB1D000C69818 /* gift_effect_text2_31@2x.png */,
				0A6641581EDEB1D000C69818 /* gift_effect_text2_32@2x.png */,
				0A6641591EDEB1D000C69818 /* gift_effect_text2_33@2x.png */,
				0A66415A1EDEB1D000C69818 /* gift_effect_text2_34@2x.png */,
				0A66415B1EDEB1D000C69818 /* gift_effect_text2_35@2x.png */,
				0A66415C1EDEB1D000C69818 /* gift_effect_text2_36@2x.png */,
				0A66415D1EDEB1D000C69818 /* gift_effect_text2_37@2x.png */,
				0A66415E1EDEB1D000C69818 /* gift_effect_text2_38@2x.png */,
				0A66415F1EDEB1D000C69818 /* gift_effect_text2_39@2x.png */,
				0A6641601EDEB1D000C69818 /* gift_effect_text2_3@2x.png */,
				0A6641611EDEB1D000C69818 /* gift_effect_text2_40@2x.png */,
				0A6641621EDEB1D000C69818 /* gift_effect_text2_41@2x.png */,
				0A6641631EDEB1D000C69818 /* gift_effect_text2_42@2x.png */,
				0A6641641EDEB1D000C69818 /* gift_effect_text2_43@2x.png */,
				0A6641651EDEB1D000C69818 /* gift_effect_text2_4@2x.png */,
				0A6641661EDEB1D000C69818 /* gift_effect_text2_5@2x.png */,
				0A6641671EDEB1D000C69818 /* gift_effect_text2_6@2x.png */,
				0A6641681EDEB1D000C69818 /* gift_effect_text2_7@2x.png */,
				0A6641691EDEB1D000C69818 /* gift_effect_text2_8@2x.png */,
				0A66416A1EDEB1D000C69818 /* gift_effect_text2_9@2x.png */,
			);
			path = test_full;
			sourceTree = "<group>";
		};
/* End PBXGroup section */

/* Begin PBXNativeTarget section */
		0A6641211EDEB1C400C69818 /* KKKeepLastFrameImageView */ = {
			isa = PBXNativeTarget;
			buildConfigurationList = 0A6641391EDEB1C400C69818 /* Build configuration list for PBXNativeTarget "KKKeepLastFrameImageView" */;
			buildPhases = (
				0A66411E1EDEB1C400C69818 /* Sources */,
				0A66411F1EDEB1C400C69818 /* Frameworks */,
				0A6641201EDEB1C400C69818 /* Resources */,
			);
			buildRules = (
			);
			dependencies = (
			);
			name = KKKeepLastFrameImageView;
			productName = KKKeepLastFrameImageView;
			productReference = 0A6641221EDEB1C400C69818 /* KKKeepLastFrameImageView.app */;
			productType = "com.apple.product-type.application";
		};
/* End PBXNativeTarget section */

/* Begin PBXProject section */
		0A66411A1EDEB1C400C69818 /* Project object */ = {
			isa = PBXProject;
			attributes = {
				LastUpgradeCheck = 0830;
				ORGANIZATIONNAME = kevin;
				TargetAttributes = {
					0A6641211EDEB1C400C69818 = {
						CreatedOnToolsVersion = 8.3;
						DevelopmentTeam = 839GAQ3VG3;
						ProvisioningStyle = Automatic;
					};
				};
			};
			buildConfigurationList = 0A66411D1EDEB1C400C69818 /* Build configuration list for PBXProject "KKKeepLastFrameImageView" */;
			compatibilityVersion = "Xcode 3.2";
			developmentRegion = English;
			hasScannedForEncodings = 0;
			knownRegions = (
				en,
				Base,
			);
			mainGroup = 0A6641191EDEB1C400C69818;
			productRefGroup = 0A6641231EDEB1C400C69818 /* Products */;
			projectDirPath = "";
			projectRoot = "";
			targets = (
				0A6641211EDEB1C400C69818 /* KKKeepLastFrameImageView */,
			);
		};
/* End PBXProject section */

/* Begin PBXResourcesBuildPhase section */
		0A6641201EDEB1C400C69818 /* Resources */ = {
			isa = PBXResourcesBuildPhase;
			buildActionMask = 2147483647;
			files = (
				0A6641771EDEB1D000C69818 /* gift_effect_text2_1@2x.png in Resources */,
				0A6641711EDEB1D000C69818 /* gift_effect_text2_14@2x.png in Resources */,
				0A66416D1EDEB1D000C69818 /* gift_effect_text2_10@2x.png in Resources */,
				0A66418A1EDEB1D000C69818 /* gift_effect_text2_37@2x.png in Resources */,
				0A66416E1EDEB1D000C69818 /* gift_effect_text2_11@2x.png in Resources */,
				0A6641871EDEB1D000C69818 /* gift_effect_text2_34@2x.png in Resources */,
				0A66418F1EDEB1D000C69818 /* gift_effect_text2_41@2x.png in Resources */,
				0A66417D1EDEB1D000C69818 /* gift_effect_text2_25@2x.png in Resources */,
				0A6641791EDEB1D000C69818 /* gift_effect_text2_21@2x.png in Resources */,
				0A6641951EDEB1D000C69818 /* gift_effect_text2_7@2x.png in Resources */,
				0A66417C1EDEB1D000C69818 /* gift_effect_text2_24@2x.png in Resources */,
				0A6641891EDEB1D000C69818 /* gift_effect_text2_36@2x.png in Resources */,
				0A6641911EDEB1D000C69818 /* gift_effect_text2_43@2x.png in Resources */,
				0A6641741EDEB1D000C69818 /* gift_effect_text2_17@2x.png in Resources */,
				0A6641781EDEB1D000C69818 /* gift_effect_text2_20@2x.png in Resources */,
				0A66418D1EDEB1D000C69818 /* gift_effect_text2_3@2x.png in Resources */,
				0A66417E1EDEB1D000C69818 /* gift_effect_text2_26@2x.png in Resources */,
				0A6641881EDEB1D000C69818 /* gift_effect_text2_35@2x.png in Resources */,
				0A66417A1EDEB1D000C69818 /* gift_effect_text2_22@2x.png in Resources */,
				0A6641901EDEB1D000C69818 /* gift_effect_text2_42@2x.png in Resources */,
				0A6641861EDEB1D000C69818 /* gift_effect_text2_33@2x.png in Resources */,
				0A66418B1EDEB1D000C69818 /* gift_effect_text2_38@2x.png in Resources */,
				0A6641351EDEB1C400C69818 /* LaunchScreen.storyboard in Resources */,
				0A6641851EDEB1D000C69818 /* gift_effect_text2_32@2x.png in Resources */,
				0A6641321EDEB1C400C69818 /* Assets.xcassets in Resources */,
				0A6641801EDEB1D000C69818 /* gift_effect_text2_28@2x.png in Resources */,
				0A6641961EDEB1D000C69818 /* gift_effect_text2_8@2x.png in Resources */,
				0A6641831EDEB1D000C69818 /* gift_effect_text2_30@2x.png in Resources */,
				0A6641921EDEB1D000C69818 /* gift_effect_text2_4@2x.png in Resources */,
				0A66416C1EDEB1D000C69818 /* gift_effect_text2_0@2x.png in Resources */,
				0A66418C1EDEB1D000C69818 /* gift_effect_text2_39@2x.png in Resources */,
				0A6641971EDEB1D000C69818 /* gift_effect_text2_9@2x.png in Resources */,
				0A66418E1EDEB1D000C69818 /* gift_effect_text2_40@2x.png in Resources */,
				0A6641301EDEB1C400C69818 /* Main.storyboard in Resources */,
				0A6641931EDEB1D000C69818 /* gift_effect_text2_5@2x.png in Resources */,
				0A6641941EDEB1D000C69818 /* gift_effect_text2_6@2x.png in Resources */,
				0A66416F1EDEB1D000C69818 /* gift_effect_text2_12@2x.png in Resources */,
				0A6641701EDEB1D000C69818 /* gift_effect_text2_13@2x.png in Resources */,
				0A6641821EDEB1D000C69818 /* gift_effect_text2_2@2x.png in Resources */,
				0A6641721EDEB1D000C69818 /* gift_effect_text2_15@2x.png in Resources */,
				0A6641731EDEB1D000C69818 /* gift_effect_text2_16@2x.png in Resources */,
				0A6641811EDEB1D000C69818 /* gift_effect_text2_29@2x.png in Resources */,
				0A6641841EDEB1D000C69818 /* gift_effect_text2_31@2x.png in Resources */,
				0A6641751EDEB1D000C69818 /* gift_effect_text2_18@2x.png in Resources */,
				0A66417B1EDEB1D000C69818 /* gift_effect_text2_23@2x.png in Resources */,
				0A66417F1EDEB1D000C69818 /* gift_effect_text2_27@2x.png in Resources */,
				0A6641761EDEB1D000C69818 /* gift_effect_text2_19@2x.png in Resources */,
			);
			runOnlyForDeploymentPostprocessing = 0;
		};
/* End PBXResourcesBuildPhase section */

/* Begin PBXSourcesBuildPhase section */
		0A66411E1EDEB1C400C69818 /* Sources */ = {
			isa = PBXSourcesBuildPhase;
			buildActionMask = 2147483647;
			files = (
				0A66412D1EDEB1C400C69818 /* ViewController.m in Sources */,
				0A66416B1EDEB1D000C69818 /* KKKeepLastFrameImageView.m in Sources */,
				0A66412A1EDEB1C400C69818 /* AppDelegate.m in Sources */,
				0A6641271EDEB1C400C69818 /* main.m in Sources */,
			);
			runOnlyForDeploymentPostprocessing = 0;
		};
/* End PBXSourcesBuildPhase section */

/* Begin PBXVariantGroup section */
		0A66412E1EDEB1C400C69818 /* Main.storyboard */ = {
			isa = PBXVariantGroup;
			children = (
				0A66412F1EDEB1C400C69818 /* Base */,
			);
			name = Main.storyboard;
			sourceTree = "<group>";
		};
		0A6641331EDEB1C400C69818 /* LaunchScreen.storyboard */ = {
			isa = PBXVariantGroup;
			children = (
				0A6641341EDEB1C400C69818 /* Base */,
			);
			name = LaunchScreen.storyboard;
			sourceTree = "<group>";
		};
/* End PBXVariantGroup section */

/* Begin XCBuildConfiguration section */
		0A6641371EDEB1C400C69818 /* Debug */ = {
			isa = XCBuildConfiguration;
			buildSettings = {
				ALWAYS_SEARCH_USER_PATHS = NO;
				CLANG_ANALYZER_NONNULL = YES;
				CLANG_ANALYZER_NUMBER_OBJECT_CONVERSION = YES_AGGRESSIVE;
				CLANG_CXX_LANGUAGE_STANDARD = "gnu++0x";
				CLANG_CXX_LIBRARY = "libc++";
				CLANG_ENABLE_MODULES = YES;
				CLANG_ENABLE_OBJC_ARC = YES;
				CLANG_WARN_BOOL_CONVERSION = YES;
				CLANG_WARN_CONSTANT_CONVERSION = YES;
				CLANG_WARN_DIRECT_OBJC_ISA_USAGE = YES_ERROR;
				CLANG_WARN_DOCUMENTATION_COMMENTS = YES;
				CLANG_WARN_EMPTY_BODY = YES;
				CLANG_WARN_ENUM_CONVERSION = YES;
				CLANG_WARN_INFINITE_RECURSION = YES;
				CLANG_WARN_INT_CONVERSION = YES;
				CLANG_WARN_OBJC_ROOT_CLASS = YES_ERROR;
				CLANG_WARN_SUSPICIOUS_MOVE = YES;
				CLANG_WARN_UNREACHABLE_CODE = YES;
				CLANG_WARN__DUPLICATE_METHOD_MATCH = YES;
				"CODE_SIGN_IDENTITY[sdk=iphoneos*]" = "iPhone Developer";
				COPY_PHASE_STRIP = NO;
				DEBUG_INFORMATION_FORMAT = dwarf;
				ENABLE_STRICT_OBJC_MSGSEND = YES;
				ENABLE_TESTABILITY = YES;
				GCC_C_LANGUAGE_STANDARD = gnu99;
				GCC_DYNAMIC_NO_PIC = NO;
				GCC_NO_COMMON_BLOCKS = YES;
				GCC_OPTIMIZATION_LEVEL = 0;
				GCC_PREPROCESSOR_DEFINITIONS = (
					"DEBUG=1",
					"$(inherited)",
				);
				GCC_WARN_64_TO_32_BIT_CONVERSION = YES;
				GCC_WARN_ABOUT_RETURN_TYPE = YES_ERROR;
				GCC_WARN_UNDECLARED_SELECTOR = YES;
				GCC_WARN_UNINITIALIZED_AUTOS = YES_AGGRESSIVE;
				GCC_WARN_UNUSED_FUNCTION = YES;
				GCC_WARN_UNUSED_VARIABLE = YES;
				IPHONEOS_DEPLOYMENT_TARGET = 10.3;
				MTL_ENABLE_DEBUG_INFO = YES;
				ONLY_ACTIVE_ARCH = YES;
				SDKROOT = iphoneos;
				TARGETED_DEVICE_FAMILY = "1,2";
			};
			name = Debug;
		};
		0A6641381EDEB1C400C69818 /* Release */ = {
			isa = XCBuildConfiguration;
			buildSettings = {
				ALWAYS_SEARCH_USER_PATHS = NO;
				CLANG_ANALYZER_NONNULL = YES;
				CLANG_ANALYZER_NUMBER_OBJECT_CONVERSION = YES_AGGRESSIVE;
				CLANG_CXX_LANGUAGE_STANDARD = "gnu++0x";
				CLANG_CXX_LIBRARY = "libc++";
				CLANG_ENABLE_MODULES = YES;
				CLANG_ENABLE_OBJC_ARC = YES;
				CLANG_WARN_BOOL_CONVERSION = YES;
				CLANG_WARN_CONSTANT_CONVERSION = YES;
				CLANG_WARN_DIRECT_OBJC_ISA_USAGE = YES_ERROR;
				CLANG_WARN_DOCUMENTATION_COMMENTS = YES;
				CLANG_WARN_EMPTY_BODY = YES;
				CLANG_WARN_ENUM_CONVERSION = YES;
				CLANG_WARN_INFINITE_RECURSION = YES;
				CLANG_WARN_INT_CONVERSION = YES;
				CLANG_WARN_OBJC_ROOT_CLASS = YES_ERROR;
				CLANG_WARN_SUSPICIOUS_MOVE = YES;
				CLANG_WARN_UNREACHABLE_CODE = YES;
				CLANG_WARN__DUPLICATE_METHOD_MATCH = YES;
				"CODE_SIGN_IDENTITY[sdk=iphoneos*]" = "iPhone Developer";
				COPY_PHASE_STRIP = NO;
				DEBUG_INFORMATION_FORMAT = "dwarf-with-dsym";
				ENABLE_NS_ASSERTIONS = NO;
				ENABLE_STRICT_OBJC_MSGSEND = YES;
				GCC_C_LANGUAGE_STANDARD = gnu99;
				GCC_NO_COMMON_BLOCKS = YES;
				GCC_WARN_64_TO_32_BIT_CONVERSION = YES;
				GCC_WARN_ABOUT_RETURN_TYPE = YES_ERROR;
				GCC_WARN_UNDECLARED_SELECTOR = YES;
				GCC_WARN_UNINITIALIZED_AUTOS = YES_AGGRESSIVE;
				GCC_WARN_UNUSED_FUNCTION = YES;
				GCC_WARN_UNUSED_VARIABLE = YES;
				IPHONEOS_DEPLOYMENT_TARGET = 10.3;
				MTL_ENABLE_DEBUG_INFO = NO;
				SDKROOT = iphoneos;
				TARGETED_DEVICE_FAMILY = "1,2";
				VALIDATE_PRODUCT = YES;
			};
			name = Release;
		};
		0A66413A1EDEB1C400C69818 /* Debug */ = {
			isa = XCBuildConfiguration;
			buildSettings = {
				ASSETCATALOG_COMPILER_APPICON_NAME = AppIcon;
				DEVELOPMENT_TEAM = 839GAQ3VG3;
				INFOPLIST_FILE = KKKeepLastFrameImageView/Info.plist;
				LD_RUNPATH_SEARCH_PATHS = "$(inherited) @executable_path/Frameworks";
				PRODUCT_BUNDLE_IDENTIFIER = com.kk.KKKeepLastFrameImageView.KKKeepLastFrameImageView;
				PRODUCT_NAME = "$(TARGET_NAME)";
			};
			name = Debug;
		};
		0A66413B1EDEB1C400C69818 /* Release */ = {
			isa = XCBuildConfiguration;
			buildSettings = {
				ASSETCATALOG_COMPILER_APPICON_NAME = AppIcon;
				DEVELOPMENT_TEAM = 839GAQ3VG3;
				INFOPLIST_FILE = KKKeepLastFrameImageView/Info.plist;
				LD_RUNPATH_SEARCH_PATHS = "$(inherited) @executable_path/Frameworks";
				PRODUCT_BUNDLE_IDENTIFIER = com.kk.KKKeepLastFrameImageView.KKKeepLastFrameImageView;
				PRODUCT_NAME = "$(TARGET_NAME)";
			};
			name = Release;
		};
/* End XCBuildConfiguration section */

/* Begin XCConfigurationList section */
		0A66411D1EDEB1C400C69818 /* Build configuration list for PBXProject "KKKeepLastFrameImageView" */ = {
			isa = XCConfigurationList;
			buildConfigurations = (
				0A6641371EDEB1C400C69818 /* Debug */,
				0A6641381EDEB1C400C69818 /* Release */,
			);
			defaultConfigurationIsVisible = 0;
			defaultConfigurationName = Release;
		};
		0A6641391EDEB1C400C69818 /* Build configuration list for PBXNativeTarget "KKKeepLastFrameImageView" */ = {
			isa = XCConfigurationList;
			buildConfigurations = (
				0A66413A1EDEB1C400C69818 /* Debug */,
				0A66413B1EDEB1C400C69818 /* Release */,
			);
			defaultConfigurationIsVisible = 0;
		};
/* End XCConfigurationList section */
	};
	rootObject = 0A66411A1EDEB1C400C69818 /* Project object */;
}
